{
  "nodes": {
    "changelog-roller": {
      "inputs": {
        "crane": "crane",
        "nixpkgs": [
          "nixpkgs"
        ],
        "rust-overlay": "rust-overlay"
      },
      "locked": {
        "lastModified": 1788219997,
        "narHash": "sha256-rMRLkUW24q3wW8RdqF5uF/t8vKELF2m/TXgZsDW/vj0=",
        "owner": "LoganBarnett",
        "repo": "changelog-roller",
        "rev": "4558a8d325fe93165da8eef93476cc76456a05cf",
        "type": "github"
      },
      "original": {
        "owner": "LoganBarnett",
        "repo": "changelog-roller",
        "type": "github"
      }
    },
    "crane": {
      "locked": {
        "lastModified": 1770419512,
        "narHash": "sha256-o8Vcdz6B6bkiGUYkZqFwH3Pv1JwZyXht3dMtS7RchIo=",
        "owner": "ipetkov",
        "repo": "crane",
        "rev": "2510f2cbc3ccd237f700bb213756a8f35c32d8d7",
        "type": "github"
      },
      "original": {
        "owner": "ipetkov",
        "repo": "crane",
        "type": "github"
      }
    },
    "crane_2": {
      "locked": {
        "lastModified": 1770419512,
        "narHash": "sha256-o8Vcdz6B6bkiGUYkZqFwH3Pv1JwZyXht3dMtS7RchIo=",
        "owner": "ipetkov",
        "repo": "crane",
        "rev": "2510f2cbc3ccd237f700bb213756a8f35c32d8d7",
        "type": "github"
      },
      "original": {
        "owner": "ipetkov",
        "repo": "crane",
        "type": "github"
      }
    },
    "crane_3": {
      "locked": {
        "lastModified": 1773189535,
        "narHash": "sha256-E1G/Or6MWeP+L6mpQ0iTFLpzSzlpGrITfU2220Gq47g=",
        "owner": "ipetkov",
        "repo": "crane",
        "rev": "6fa2fb4cf4a89ba49fc9dd5a3eb6cde99d388269",
        "type": "github"
      },
      "original": {
        "owner": "ipetkov",
        "repo": "crane",
        "type": "github"
      }
    },
    "foundation": {
      "inputs": {
        "changelog-roller": [
          "changelog-roller"
        ],
        "crane": "crane_3",
        "nixpkgs": [
          "nixpkgs"
        ],
        "org-fmt": "org-fmt",
        "rust-overlay": "rust-overlay_2"
      },
      "locked": {
        "lastModified": 1788345945,
        "narHash": "sha256-xei1YlS742LvyTXzqbHfKyWc9l3w3SI02dpsaGOAo2s=",
        "owner": "LoganBarnett",
        "repo": "rust-template",
        "rev": "e459313d70ea25ed15d5f78241d1cf9e8e838ec6",
        "type": "github"
      },
      "original": {
        "owner": "LoganBarnett",
        "repo": "rust-template",
        "type": "github"
      }
    },
    "nixpkgs": {
      "locked": {
        "lastModified": 1744536153,
        "narHash": "sha256-awS2zRgF4uTwrOKwwiJcByDzDOdo3Q1rPZbiHQg/N38=",
        "owner": "NixOS",
        "repo": "nixpkgs",
        "rev": "18dd725c29603f582cf1900e0d25f9f1063dbf11",
        "type": "github"
      },
      "original": {
        "owner": "NixOS",
        "ref": "nixpkgs-unstable",
        "repo": "nixpkgs",
        "type": "github"
      }
    },
    "nixpkgs_2": {
      "locked": {
        "lastModified": 1744536153,
        "narHash": "sha256-awS2zRgF4uTwrOKwwiJcByDzDOdo3Q1rPZbiHQg/N38=",
        "owner": "NixOS",
        "repo": "nixpkgs",
        "rev": "18dd725c29603f582cf1900e0d25f9f1063dbf11",
        "type": "github"
      },
      "original": {
        "owner": "NixOS",
        "ref": "nixpkgs-unstable",
        "repo": "nixpkgs",
        "type": "github"
      }
    },
    "nixpkgs_3": {
      "locked": {
        "lastModified": 1782847189,
        "narHash": "sha256-twXPFqFsrrY5r28Zh7Homgcp2gUMBgQ6WDS98Q/3xFI=",
        "owner": "NixOS",
        "repo": "nixpkgs",
        "rev": "b6018f87da91d19d0ab4cf979885689b469cdd41",
        "type": "github"
      },
      "original": {
        "owner": "NixOS",
        "ref": "nixos-25.11",
        "repo": "nixpkgs",
        "type": "github"
      }
    },
    "nixpkgs_4": {
      "locked": {
        "lastModified": 1744536153,
        "narHash": "sha256-awS2zRgF4uTwrOKwwiJcByDzDOdo3Q1rPZbiHQg/N38=",
        "owner": "NixOS",
        "repo": "nixpkgs",
        "rev": "18dd725c29603f582cf1900e0d25f9f1063dbf11",
        "type": "github"
      },
      "original": {
        "owner": "NixOS",
        "ref": "nixpkgs-unstable",
        "repo": "nixpkgs",
        "type": "github"
      }
    },
    "org-fmt": {
      "inputs": {
        "crane": [
          "foundation",
          "crane"
        ],
        "nixpkgs": [
          "foundation",
          "nixpkgs"
        ],
        "rust-overlay": [
          "foundation",
          "rust-overlay"
        ]
      },
      "locked": {
        "lastModified": 1780170211,
        "narHash": "sha256-J88qNRVC5YFxp1AaqsW6R6bByjFxZ4n+dXsTV439CV4=",
        "owner": "LoganBarnett",
        "repo": "org-fmt",
        "rev": "92a603feea4ae8c9046e4e2ad0dfbf5950d4af4c",
        "type": "github"
      },
      "original": {
        "owner": "LoganBarnett",
        "repo": "org-fmt",
        "type": "github"
      }
    },
    "org-fmt_2": {
      "inputs": {
        "crane": [
          "crane"
        ],
        "nixpkgs": [
          "nixpkgs"
        ],
        "rust-overlay": [
          "rust-overlay"
        ]
      },
      "locked": {
        "lastModified": 1780170211,
        "narHash": "sha256-J88qNRVC5YFxp1AaqsW6R6bByjFxZ4n+dXsTV439CV4=",
        "owner": "LoganBarnett",
        "repo": "org-fmt",
        "rev": "92a603feea4ae8c9046e4e2ad0dfbf5950d4af4c",
        "type": "github"
      },
      "original": {
        "owner": "LoganBarnett",
        "repo": "org-fmt",
        "type": "github"
      }
    },
    "root": {
      "inputs": {
        "changelog-roller": "changelog-roller",
        "crane": "crane_2",
        "foundation": "foundation",
        "nixpkgs": "nixpkgs_3",
        "org-fmt": "org-fmt_2",
        "rust-overlay": "rust-overlay_3"
      }
    },
    "rust-overlay": {
      "inputs": {
        "nixpkgs": "nixpkgs"
      },
      "locked": {
        "lastModified": 1770433312,
        "narHash": "sha256-IaiqGwmLBrR0z67t/oaS6GIFxv9V8mDY7dBTuYVTbKY=",
        "owner": "oxalica",
        "repo": "rust-overlay",
        "rev": "9922ff9f99a6436756cbe6f5d11f9c3630e58cf0",
        "type": "github"
      },
      "original": {
        "owner": "oxalica",
        "repo": "rust-overlay",
        "type": "github"
      }
    },
    "rust-overlay_2": {
      "inputs": {
        "nixpkgs": "nixpkgs_2"
      },
      "locked": {
        "lastModified": 1773716879,
        "narHash": "sha256-vXCTasEzzTTd0ZGEuyle20H2hjRom66JeNr7i2ktHD0=",
        "owner": "oxalica",
        "repo": "rust-overlay",
        "rev": "1a9ddeb45c5751b800331363703641b84d1f41f0",
        "type": "github"
      },
      "original": {
        "owner": "oxalica",
        "repo": "rust-overlay",
        "type": "github"
      }
    },
    "rust-overlay_3": {
      "inputs": {
        "nixpkgs": "nixpkgs_4"
      },
      "locked": {
        "lastModified": 1770433312,
        "narHash": "sha256-IaiqGwmLBrR0z67t/oaS6GIFxv9V8mDY7dBTuYVTbKY=",
        "owner": "oxalica",
        "repo": "rust-overlay",
        "rev": "9922ff9f99a6436756cbe6f5d11f9c3630e58cf0",
        "type": "github"
      },
      "original": {
        "owner": "oxalica",
        "repo": "rust-overlay",
        "type": "github"
      }
    }
  },
  "root": "root",
  "version": 7
}
